lockfileVersion: '9.0'

settings:
  autoInstallPeers: true
  excludeLinksFromLockfile: false

importers:

  .:
    devDependencies:
      '@cloudflare/workers-types':
        specifier: ^4.20250303.0
        version: 4.20250303.0
      typescript:
        specifier: ^5.8.2
        version: 5.8.2

packages:

  '@cloudflare/workers-types@4.20250303.0':
    resolution: {integrity: sha512-O7F7nRT4bbmwHf3gkRBLfJ7R6vHIJ/oZzWdby6obOiw2yavUfp/AIwS7aO2POu5Cv8+h3TXS3oHs3kKCZLraUA==}

  typescript@5.8.2:
    resolution: {integrity: sha512-aJn6wq13/afZp/jT9QZmwEjDqqvSGp1VT5GVg+f/t6/oVyrgXM6BY1h9BRh/O5p3PlUPAe+WuiEZOmb/49RqoQ==}
    engines: {node: '>=14.17'}
    hasBin: true

snapshots:

  '@cloudflare/workers-types@4.20250303.0': {}

  typescript@5.8.2: {}
